
Microsoft Visual Studio Solution File, Format Version 12.00
# Visual Studio 15
VisualStudioVersion = 15.0.27004.2006
MinimumVisualStudioVersion = 10.0.40219.1
Project("{FAE04EC0-301F-11D3-BF4B-00C04F79EFBC}") = "AzureConnectionStringHelper", "AzureConnectionStringHelper\AzureConnectionStringHelper.csproj", "{1DA57539-EF66-49A8-939A-860ABF1A6007}"
EndProject
Project("{9A19103F-16F7-4668-BE54-9A1E7A4F7556}") = "AzureDevHelper.StorageAccount", "AzureDevHelper.StorageAccount\AzureDevHelper.StorageAccount.csproj", "{5D895185-04BD-4A17-B4CB-33DE98A19A01}"
EndProject
Global
	GlobalSection(SolutionConfigurationPlatforms) = preSolution
		Debug|Any CPU = Debug|Any CPU
		Release|Any CPU = Release|Any CPU
	EndGlobalSection
	GlobalSection(ProjectConfigurationPlatforms) = postSolution
		{1DA57539-EF66-49A8-939A-860ABF1A6007}.Debug|Any CPU.ActiveCfg = Debug|Any CPU
		{1DA57539-EF66-49A8-939A-860ABF1A6007}.Debug|Any CPU.Build.0 = Debug|Any CPU
		{1DA57539-EF66-49A8-939A-860ABF1A6007}.Release|Any CPU.ActiveCfg = Release|Any CPU
		{1DA57539-EF66-49A8-939A-860ABF1A6007}.Release|Any CPU.Build.0 = Release|Any CPU
		{5D895185-04BD-4A17-B4CB-33DE98A19A01}.Debug|Any CPU.ActiveCfg = Debug|Any CPU
		{5D895185-04BD-4A17-B4CB-33DE98A19A01}.Debug|Any CPU.Build.0 = Debug|Any CPU
		{5D895185-04BD-4A17-B4CB-33DE98A19A01}.Release|Any CPU.ActiveCfg = Release|Any CPU
		{5D895185-04BD-4A17-B4CB-33DE98A19A01}.Release|Any CPU.Build.0 = Release|Any CPU
	EndGlobalSection
	GlobalSection(SolutionProperties) = preSolution
		HideSolutionNode = FALSE
	EndGlobalSection
	GlobalSection(ExtensibilityGlobals) = postSolution
		SolutionGuid = {DB6E5A2F-D154-41E1-9FCC-7AB7F539F69C}
	EndGlobalSection
EndGlobal
